// !$*UTF8*$!
{
	archiveVersion = 1;
	classes = {
	};
	objectVersion = 50;
	objects = {

/* Begin PBXBuildFile section */
		DD09BD2320AB7523001912F3 /* AppDelegate.swift in Sources */ = {isa = PBXBuildFile; fileRef = DD09BD2220AB7523001912F3 /* AppDelegate.swift */; };
		DD09BD2820AB7523001912F3 /* Main.storyboard in Resources */ = {isa = PBXBuildFile; fileRef = DD09BD2620AB7523001912F3 /* Main.storyboard */; };
		DD09BD2A20AB7523001912F3 /* Assets.xcassets in Resources */ = {isa = PBXBuildFile; fileRef = DD09BD2920AB7523001912F3 /* Assets.xcassets */; };
		DD09BD2D20AB7523001912F3 /* LaunchScreen.storyboard in Resources */ = {isa = PBXBuildFile; fileRef = DD09BD2B20AB7523001912F3 /* LaunchScreen.storyboard */; };
		DD09BD3720AB763D001912F3 /* LoginViewController.swift in Sources */ = {isa = PBXBuildFile; fileRef = DD09BD3620AB763C001912F3 /* LoginViewController.swift */; };
		DD09BD3920AB7D4A001912F3 /* RegistrationTableViewController.swift in Sources */ = {isa = PBXBuildFile; fileRef = DD09BD3820AB7D4A001912F3 /* RegistrationTableViewController.swift */; };
		DD09BD3C20AB8DAA001912F3 /* DataModel.xcdatamodeld in Sources */ = {isa = PBXBuildFile; fileRef = DD09BD3A20AB8DAA001912F3 /* DataModel.xcdatamodeld */; };
		DD09BD3F20AB8E16001912F3 /* Account+CoreDataClass.swift in Sources */ = {isa = PBXBuildFile; fileRef = DD09BD3D20AB8E16001912F3 /* Account+CoreDataClass.swift */; };
		DD09BD4020AB8E16001912F3 /* Account+CoreDataProperties.swift in Sources */ = {isa = PBXBuildFile; fileRef = DD09BD3E20AB8E16001912F3 /* Account+CoreDataProperties.swift */; };
		DD09BD4320AB8E7E001912F3 /* Functions.swift in Sources */ = {isa = PBXBuildFile; fileRef = DD09BD4220AB8E7E001912F3 /* Functions.swift */; };
		DD87810E20B57D8A00C55E11 /* MedicinesSearchTableViewController.swift in Sources */ = {isa = PBXBuildFile; fileRef = DD87810D20B57D8A00C55E11 /* MedicinesSearchTableViewController.swift */; };
		DD87811120B5816800C55E11 /* Medicine+CoreDataClass.swift in Sources */ = {isa = PBXBuildFile; fileRef = DD87810F20B5816800C55E11 /* Medicine+CoreDataClass.swift */; };
		DD87811220B5816800C55E11 /* Medicine+CoreDataProperties.swift in Sources */ = {isa = PBXBuildFile; fileRef = DD87811020B5816800C55E11 /* Medicine+CoreDataProperties.swift */; };
		DD87811420B59F7500C55E11 /* ShoppingCartTableViewController.swift in Sources */ = {isa = PBXBuildFile; fileRef = DD87811320B59F7500C55E11 /* ShoppingCartTableViewController.swift */; };
		DD87811620B59FA800C55E11 /* CartTableViewCell.swift in Sources */ = {isa = PBXBuildFile; fileRef = DD87811520B59FA800C55E11 /* CartTableViewCell.swift */; };
/* End PBXBuildFile section */

/* Begin PBXFileReference section */
		DD09BD1F20AB7523001912F3 /* Medicines.app */ = {isa = PBXFileReference; explicitFileType = wrapper.application; includeInIndex = 0; path = Medicines.app; sourceTree = BUILT_PRODUCTS_DIR; };
		DD09BD2220AB7523001912F3 /* AppDelegate.swift */ = {isa = PBXFileReference; lastKnownFileType = sourcecode.swift; path = AppDelegate.swift; sourceTree = "<group>"; };
		DD09BD2720AB7523001912F3 /* Base */ = {isa = PBXFileReference; lastKnownFileType = file.storyboard; name = Base; path = Base.lproj/Main.storyboard; sourceTree = "<group>"; };
		DD09BD2920AB7523001912F3 /* Assets.xcassets */ = {isa = PBXFileReference; lastKnownFileType = folder.assetcatalog; path = Assets.xcassets; sourceTree = "<group>"; };
		DD09BD2C20AB7523001912F3 /* Base */ = {isa = PBXFileReference; lastKnownFileType = file.storyboard; name = Base; path = Base.lproj/LaunchScreen.storyboard; sourceTree = "<group>"; };
		DD09BD2E20AB7523001912F3 /* Info.plist */ = {isa = PBXFileReference; lastKnownFileType = text.plist.xml; path = Info.plist; sourceTree = "<group>"; };
		DD09BD3620AB763C001912F3 /* LoginViewController.swift */ = {isa = PBXFileReference; fileEncoding = 4; lastKnownFileType = sourcecode.swift; path = LoginViewController.swift; sourceTree = "<group>"; };
		DD09BD3820AB7D4A001912F3 /* RegistrationTableViewController.swift */ = {isa = PBXFileReference; lastKnownFileType = sourcecode.swift; path = RegistrationTableViewController.swift; sourceTree = "<group>"; };
		DD09BD3B20AB8DAA001912F3 /* DataModel.xcdatamodel */ = {isa = PBXFileReference; lastKnownFileType = wrapper.xcdatamodel; path = DataModel.xcdatamodel; sourceTree = "<group>"; };
		DD09BD3D20AB8E16001912F3 /* Account+CoreDataClass.swift */ = {isa = PBXFileReference; lastKnownFileType = sourcecode.swift; path = "Account+CoreDataClass.swift"; sourceTree = "<group>"; };
		DD09BD3E20AB8E16001912F3 /* Account+CoreDataProperties.swift */ = {isa = PBXFileReference; lastKnownFileType = sourcecode.swift; path = "Account+CoreDataProperties.swift"; sourceTree = "<group>"; };
		DD09BD4220AB8E7E001912F3 /* Functions.swift */ = {isa = PBXFileReference; lastKnownFileType = sourcecode.swift; path = Functions.swift; sourceTree = "<group>"; };
		DD87810D20B57D8A00C55E11 /* MedicinesSearchTableViewController.swift */ = {isa = PBXFileReference; lastKnownFileType = sourcecode.swift; path = MedicinesSearchTableViewController.swift; sourceTree = "<group>"; };
		DD87810F20B5816800C55E11 /* Medicine+CoreDataClass.swift */ = {isa = PBXFileReference; lastKnownFileType = sourcecode.swift; path = "Medicine+CoreDataClass.swift"; sourceTree = "<group>"; };
		DD87811020B5816800C55E11 /* Medicine+CoreDataProperties.swift */ = {isa = PBXFileReference; lastKnownFileType = sourcecode.swift; path = "Medicine+CoreDataProperties.swift"; sourceTree = "<group>"; };
		DD87811320B59F7500C55E11 /* ShoppingCartTableViewController.swift */ = {isa = PBXFileReference; lastKnownFileType = sourcecode.swift; path = ShoppingCartTableViewController.swift; sourceTree = "<group>"; };
		DD87811520B59FA800C55E11 /* CartTableViewCell.swift */ = {isa = PBXFileReference; lastKnownFileType = sourcecode.swift; path = CartTableViewCell.swift; sourceTree = "<group>"; };
/* End PBXFileReference section */

/* Begin PBXFrameworksBuildPhase section */
		DD09BD1C20AB7523001912F3 /* Frameworks */ = {
			isa = PBXFrameworksBuildPhase;
			buildActionMask = 2147483647;
			files = (
			);
			runOnlyForDeploymentPostprocessing = 0;
		};
/* End PBXFrameworksBuildPhase section */

/* Begin PBXGroup section */
		DD09BD1620AB7523001912F3 = {
			isa = PBXGroup;
			children = (
				DD09BD2120AB7523001912F3 /* Medicines */,
				DD09BD2020AB7523001912F3 /* Products */,
			);
			sourceTree = "<group>";
		};
		DD09BD2020AB7523001912F3 /* Products */ = {
			isa = PBXGroup;
			children = (
				DD09BD1F20AB7523001912F3 /* Medicines.app */,
			);
			name = Products;
			sourceTree = "<group>";
		};
		DD09BD2120AB7523001912F3 /* Medicines */ = {
			isa = PBXGroup;
			children = (
				DD09BD4120AB8E38001912F3 /* DataModel */,
				DD09BD2620AB7523001912F3 /* Main.storyboard */,
				DD87811320B59F7500C55E11 /* ShoppingCartTableViewController.swift */,
				DD87810D20B57D8A00C55E11 /* MedicinesSearchTableViewController.swift */,
				DD09BD2220AB7523001912F3 /* AppDelegate.swift */,
				DD09BD3620AB763C001912F3 /* LoginViewController.swift */,
				DD09BD3820AB7D4A001912F3 /* RegistrationTableViewController.swift */,
				DD87811520B59FA800C55E11 /* CartTableViewCell.swift */,
				DD09BD4220AB8E7E001912F3 /* Functions.swift */,
				DD09BD2920AB7523001912F3 /* Assets.xcassets */,
				DD09BD2B20AB7523001912F3 /* LaunchScreen.storyboard */,
				DD09BD2E20AB7523001912F3 /* Info.plist */,
			);
			path = Medicines;
			sourceTree = "<group>";
		};
		DD09BD4120AB8E38001912F3 /* DataModel */ = {
			isa = PBXGroup;
			children = (
				DD87810F20B5816800C55E11 /* Medicine+CoreDataClass.swift */,
				DD87811020B5816800C55E11 /* Medicine+CoreDataProperties.swift */,
				DD09BD3D20AB8E16001912F3 /* Account+CoreDataClass.swift */,
				DD09BD3E20AB8E16001912F3 /* Account+CoreDataProperties.swift */,
				DD09BD3A20AB8DAA001912F3 /* DataModel.xcdatamodeld */,
			);
			path = DataModel;
			sourceTree = "<group>";
		};
/* End PBXGroup section */

/* Begin PBXNativeTarget section */
		DD09BD1E20AB7523001912F3 /* Medicines */ = {
			isa = PBXNativeTarget;
			buildConfigurationList = DD09BD3120AB7523001912F3 /* Build configuration list for PBXNativeTarget "Medicines" */;
			buildPhases = (
				DD09BD1B20AB7523001912F3 /* Sources */,
				DD09BD1C20AB7523001912F3 /* Frameworks */,
				DD09BD1D20AB7523001912F3 /* Resources */,
			);
			buildRules = (
			);
			dependencies = (
			);
			name = Medicines;
			productName = Medicines;
			productReference = DD09BD1F20AB7523001912F3 /* Medicines.app */;
			productType = "com.apple.product-type.application";
		};
/* End PBXNativeTarget section */

/* Begin PBXProject section */
		DD09BD1720AB7523001912F3 /* Project object */ = {
			isa = PBXProject;
			attributes = {
				LastSwiftUpdateCheck = 0930;
				LastUpgradeCheck = 0930;
				ORGANIZATIONNAME = "Vitalii Havryliuk";
				TargetAttributes = {
					DD09BD1E20AB7523001912F3 = {
						CreatedOnToolsVersion = 9.3.1;
					};
				};
			};
			buildConfigurationList = DD09BD1A20AB7523001912F3 /* Build configuration list for PBXProject "Medicines" */;
			compatibilityVersion = "Xcode 9.3";
			developmentRegion = en;
			hasScannedForEncodings = 0;
			knownRegions = (
				en,
				Base,
			);
			mainGroup = DD09BD1620AB7523001912F3;
			productRefGroup = DD09BD2020AB7523001912F3 /* Products */;
			projectDirPath = "";
			projectRoot = "";
			targets = (
				DD09BD1E20AB7523001912F3 /* Medicines */,
			);
		};
/* End PBXProject section */

/* Begin PBXResourcesBuildPhase section */
		DD09BD1D20AB7523001912F3 /* Resources */ = {
			isa = PBXResourcesBuildPhase;
			buildActionMask = 2147483647;
			files = (
				DD09BD2D20AB7523001912F3 /* LaunchScreen.storyboard in Resources */,
				DD09BD2A20AB7523001912F3 /* Assets.xcassets in Resources */,
				DD09BD2820AB7523001912F3 /* Main.storyboard in Resources */,
			);
			runOnlyForDeploymentPostprocessing = 0;
		};
/* End PBXResourcesBuildPhase section */

/* Begin PBXSourcesBuildPhase section */
		DD09BD1B20AB7523001912F3 /* Sources */ = {
			isa = PBXSourcesBuildPhase;
			buildActionMask = 2147483647;
			files = (
				DD09BD4020AB8E16001912F3 /* Account+CoreDataProperties.swift in Sources */,
				DD87810E20B57D8A00C55E11 /* MedicinesSearchTableViewController.swift in Sources */,
				DD09BD3720AB763D001912F3 /* LoginViewController.swift in Sources */,
				DD87811620B59FA800C55E11 /* CartTableViewCell.swift in Sources */,
				DD09BD3F20AB8E16001912F3 /* Account+CoreDataClass.swift in Sources */,
				DD09BD4320AB8E7E001912F3 /* Functions.swift in Sources */,
				DD09BD3C20AB8DAA001912F3 /* DataModel.xcdatamodeld in Sources */,
				DD87811120B5816800C55E11 /* Medicine+CoreDataClass.swift in Sources */,
				DD87811220B5816800C55E11 /* Medicine+CoreDataProperties.swift in Sources */,
				DD09BD3920AB7D4A001912F3 /* RegistrationTableViewController.swift in Sources */,
				DD87811420B59F7500C55E11 /* ShoppingCartTableViewController.swift in Sources */,
				DD09BD2320AB7523001912F3 /* AppDelegate.swift in Sources */,
			);
			runOnlyForDeploymentPostprocessing = 0;
		};
/* End PBXSourcesBuildPhase section */

/* Begin PBXVariantGroup section */
		DD09BD2620AB7523001912F3 /* Main.storyboard */ = {
			isa = PBXVariantGroup;
			children = (
				DD09BD2720AB7523001912F3 /* Base */,
			);
			name = Main.storyboard;
			sourceTree = "<group>";
		};
		DD09BD2B20AB7523001912F3 /* LaunchScreen.storyboard */ = {
			isa = PBXVariantGroup;
			children = (
				DD09BD2C20AB7523001912F3 /* Base */,
			);
			name = LaunchScreen.storyboard;
			sourceTree = "<group>";
		};
/* End PBXVariantGroup section */

/* Begin XCBuildConfiguration section */
		DD09BD2F20AB7523001912F3 /* Debug */ = {
			isa = XCBuildConfiguration;
			buildSettings = {
				ALWAYS_SEARCH_USER_PATHS = NO;
				CLANG_ANALYZER_NONNULL = YES;
				CLANG_ANALYZER_NUMBER_OBJECT_CONVERSION = YES_AGGRESSIVE;
				CLANG_CXX_LANGUAGE_STANDARD = "gnu++14";
				CLANG_CXX_LIBRARY = "libc++";
				CLANG_ENABLE_MODULES = YES;
				CLANG_ENABLE_OBJC_ARC = YES;
				CLANG_ENABLE_OBJC_WEAK = YES;
				CLANG_WARN_BLOCK_CAPTURE_AUTORELEASING = YES;
				CLANG_WARN_BOOL_CONVERSION = YES;
				CLANG_WARN_COMMA = YES;
				CLANG_WARN_CONSTANT_CONVERSION = YES;
				CLANG_WARN_DEPRECATED_OBJC_IMPLEMENTATIONS = YES;
				CLANG_WARN_DIRECT_OBJC_ISA_USAGE = YES_ERROR;
				CLANG_WARN_DOCUMENTATION_COMMENTS = YES;
				CLANG_WARN_EMPTY_BODY = YES;
				CLANG_WARN_ENUM_CONVERSION = YES;
				CLANG_WARN_INFINITE_RECURSION = YES;
				CLANG_WARN_INT_CONVERSION = YES;
				CLANG_WARN_NON_LITERAL_NULL_CONVERSION = YES;
				CLANG_WARN_OBJC_IMPLICIT_RETAIN_SELF = YES;
				CLANG_WARN_OBJC_LITERAL_CONVERSION = YES;
				CLANG_WARN_OBJC_ROOT_CLASS = YES_ERROR;
				CLANG_WARN_RANGE_LOOP_ANALYSIS = YES;
				CLANG_WARN_STRICT_PROTOTYPES = YES;
				CLANG_WARN_SUSPICIOUS_MOVE = YES;
				CLANG_WARN_UNGUARDED_AVAILABILITY = YES_AGGRESSIVE;
				CLANG_WARN_UNREACHABLE_CODE = YES;
				CLANG_WARN__DUPLICATE_METHOD_MATCH = YES;
				CODE_SIGN_IDENTITY = "iPhone Developer";
				COPY_PHASE_STRIP = NO;
				DEBUG_INFORMATION_FORMAT = dwarf;
				ENABLE_STRICT_OBJC_MSGSEND = YES;
				ENABLE_TESTABILITY = YES;
				GCC_C_LANGUAGE_STANDARD = gnu11;
				GCC_DYNAMIC_NO_PIC = NO;
				GCC_NO_COMMON_BLOCKS = YES;
				GCC_OPTIMIZATION_LEVEL = 0;
				GCC_PREPROCESSOR_DEFINITIONS = (
					"DEBUG=1",
					"$(inherited)",
				);
				GCC_WARN_64_TO_32_BIT_CONVERSION = YES;
				GCC_WARN_ABOUT_RETURN_TYPE = YES_ERROR;
				GCC_WARN_UNDECLARED_SELECTOR = YES;
				GCC_WARN_UNINITIALIZED_AUTOS = YES_AGGRESSIVE;
				GCC_WARN_UNUSED_FUNCTION = YES;
				GCC_WARN_UNUSED_VARIABLE = YES;
				IPHONEOS_DEPLOYMENT_TARGET = 11.3;
				MTL_ENABLE_DEBUG_INFO = YES;
				ONLY_ACTIVE_ARCH = YES;
				SDKROOT = iphoneos;
				SWIFT_ACTIVE_COMPILATION_CONDITIONS = DEBUG;
				SWIFT_OPTIMIZATION_LEVEL = "-Onone";
			};
			name = Debug;
		};
		DD09BD3020AB7523001912F3 /* Release */ = {
			isa = XCBuildConfiguration;
			buildSettings = {
				ALWAYS_SEARCH_USER_PATHS = NO;
				CLANG_ANALYZER_NONNULL = YES;
				CLANG_ANALYZER_NUMBER_OBJECT_CONVERSION = YES_AGGRESSIVE;
				CLANG_CXX_LANGUAGE_STANDARD = "gnu++14";
				CLANG_CXX_LIBRARY = "libc++";
				CLANG_ENABLE_MODULES = YES;
				CLANG_ENABLE_OBJC_ARC = YES;
				CLANG_ENABLE_OBJC_WEAK = YES;
				CLANG_WARN_BLOCK_CAPTURE_AUTORELEASING = YES;
				CLANG_WARN_BOOL_CONVERSION = YES;
				CLANG_WARN_COMMA = YES;
				CLANG_WARN_CONSTANT_CONVERSION = YES;
				CLANG_WARN_DEPRECATED_OBJC_IMPLEMENTATIONS = YES;
				CLANG_WARN_DIRECT_OBJC_ISA_USAGE = YES_ERROR;
				CLANG_WARN_DOCUMENTATION_COMMENTS = YES;
				CLANG_WARN_EMPTY_BODY = YES;
				CLANG_WARN_ENUM_CONVERSION = YES;
				CLANG_WARN_INFINITE_RECURSION = YES;
				CLANG_WARN_INT_CONVERSION = YES;
				CLANG_WARN_NON_LITERAL_NULL_CONVERSION = YES;
				CLANG_WARN_OBJC_IMPLICIT_RETAIN_SELF = YES;
				CLANG_WARN_OBJC_LITERAL_CONVERSION = YES;
				CLANG_WARN_OBJC_ROOT_CLASS = YES_ERROR;
				CLANG_WARN_RANGE_LOOP_ANALYSIS = YES;
				CLANG_WARN_STRICT_PROTOTYPES = YES;
				CLANG_WARN_SUSPICIOUS_MOVE = YES;
				CLANG_WARN_UNGUARDED_AVAILABILITY = YES_AGGRESSIVE;
				CLANG_WARN_UNREACHABLE_CODE = YES;
				CLANG_WARN__DUPLICATE_METHOD_MATCH = YES;
				CODE_SIGN_IDENTITY = "iPhone Developer";
				COPY_PHASE_STRIP = NO;
				DEBUG_INFORMATION_FORMAT = "dwarf-with-dsym";
				ENABLE_NS_ASSERTIONS = NO;
				ENABLE_STRICT_OBJC_MSGSEND = YES;
				GCC_C_LANGUAGE_STANDARD = gnu11;
				GCC_NO_COMMON_BLOCKS = YES;
				GCC_WARN_64_TO_32_BIT_CONVERSION = YES;
				GCC_WARN_ABOUT_RETURN_TYPE = YES_ERROR;
				GCC_WARN_UNDECLARED_SELECTOR = YES;
				GCC_WARN_UNINITIALIZED_AUTOS = YES_AGGRESSIVE;
				GCC_WARN_UNUSED_FUNCTION = YES;
				GCC_WARN_UNUSED_VARIABLE = YES;
				IPHONEOS_DEPLOYMENT_TARGET = 11.3;
				MTL_ENABLE_DEBUG_INFO = NO;
				SDKROOT = iphoneos;
				SWIFT_COMPILATION_MODE = wholemodule;
				SWIFT_OPTIMIZATION_LEVEL = "-O";
				VALIDATE_PRODUCT = YES;
			};
			name = Release;
		};
		DD09BD3220AB7523001912F3 /* Debug */ = {
			isa = XCBuildConfiguration;
			buildSettings = {
				ASSETCATALOG_COMPILER_APPICON_NAME = AppIcon;
				CODE_SIGN_STYLE = Automatic;
				DEVELOPMENT_TEAM = 2SWL59DHLX;
				INFOPLIST_FILE = Medicines/Info.plist;
				LD_RUNPATH_SEARCH_PATHS = (
					"$(inherited)",
					"@executable_path/Frameworks",
				);
				PRODUCT_BUNDLE_IDENTIFIER = hvrlk.Medicines;
				PRODUCT_NAME = "$(TARGET_NAME)";
				SWIFT_VERSION = 4.0;
				TARGETED_DEVICE_FAMILY = "1,2";
			};
			name = Debug;
		};
		DD09BD3320AB7523001912F3 /* Release */ = {
			isa = XCBuildConfiguration;
			buildSettings = {
				ASSETCATALOG_COMPILER_APPICON_NAME = AppIcon;
				CODE_SIGN_STYLE = Automatic;
				DEVELOPMENT_TEAM = 2SWL59DHLX;
				INFOPLIST_FILE = Medicines/Info.plist;
				LD_RUNPATH_SEARCH_PATHS = (
					"$(inherited)",
					"@executable_path/Frameworks",
				);
				PRODUCT_BUNDLE_IDENTIFIER = hvrlk.Medicines;
				PRODUCT_NAME = "$(TARGET_NAME)";
				SWIFT_VERSION = 4.0;
				TARGETED_DEVICE_FAMILY = "1,2";
			};
			name = Release;
		};
/* End XCBuildConfiguration section */

/* Begin XCConfigurationList section */
		DD09BD1A20AB7523001912F3 /* Build configuration list for PBXProject "Medicines" */ = {
			isa = XCConfigurationList;
			buildConfigurations = (
				DD09BD2F20AB7523001912F3 /* Debug */,
				DD09BD3020AB7523001912F3 /* Release */,
			);
			defaultConfigurationIsVisible = 0;
			defaultConfigurationName = Release;
		};
		DD09BD3120AB7523001912F3 /* Build configuration list for PBXNativeTarget "Medicines" */ = {
			isa = XCConfigurationList;
			buildConfigurations = (
				DD09BD3220AB7523001912F3 /* Debug */,
				DD09BD3320AB7523001912F3 /* Release */,
			);
			defaultConfigurationIsVisible = 0;
			defaultConfigurationName = Release;
		};
/* End XCConfigurationList section */

/* Begin XCVersionGroup section */
		DD09BD3A20AB8DAA001912F3 /* DataModel.xcdatamodeld */ = {
			isa = XCVersionGroup;
			children = (
				DD09BD3B20AB8DAA001912F3 /* DataModel.xcdatamodel */,
			);
			currentVersion = DD09BD3B20AB8DAA001912F3 /* DataModel.xcdatamodel */;
			path = DataModel.xcdatamodeld;
			sourceTree = "<group>";
			versionGroupType = wrapper.xcdatamodel;
		};
/* End XCVersionGroup section */
	};
	rootObject = DD09BD1720AB7523001912F3 /* Project object */;
}
